
Microsoft Visual Studio Solution File, Format Version 12.00
# Visual Studio 15
VisualStudioVersion = 15.0.27130.2020
MinimumVisualStudioVersion = 10.0.40219.1
Project("{FAE04EC0-301F-11D3-BF4B-00C04F79EFBC}") = "twitter_poc", "twitter_poc\twitter_poc.csproj", "{E4692710-D449-41AC-B921-5677C398E2F1}"
EndProject
Project("{FAE04EC0-301F-11D3-BF4B-00C04F79EFBC}") = "TwitterPlugin", "TwitterPlugin\TwitterPlugin.csproj", "{25F3F6F9-6CFE-452C-AAF3-489B955381BB}"
EndProject
Global
	GlobalSection(SolutionConfigurationPlatforms) = preSolution
		Debug|Any CPU = Debug|Any CPU
		Release|Any CPU = Release|Any CPU
	EndGlobalSection
	GlobalSection(ProjectConfigurationPlatforms) = postSolution
		{E4692710-D449-41AC-B921-5677C398E2F1}.Debug|Any CPU.ActiveCfg = Debug|Any CPU
		{E4692710-D449-41AC-B921-5677C398E2F1}.Debug|Any CPU.Build.0 = Debug|Any CPU
		{E4692710-D449-41AC-B921-5677C398E2F1}.Release|Any CPU.ActiveCfg = Release|Any CPU
		{E4692710-D449-41AC-B921-5677C398E2F1}.Release|Any CPU.Build.0 = Release|Any CPU
		{25F3F6F9-6CFE-452C-AAF3-489B955381BB}.Debug|Any CPU.ActiveCfg = Debug|Any CPU
		{25F3F6F9-6CFE-452C-AAF3-489B955381BB}.Debug|Any CPU.Build.0 = Debug|Any CPU
		{25F3F6F9-6CFE-452C-AAF3-489B955381BB}.Release|Any CPU.ActiveCfg = Release|Any CPU
		{25F3F6F9-6CFE-452C-AAF3-489B955381BB}.Release|Any CPU.Build.0 = Release|Any CPU
	EndGlobalSection
	GlobalSection(SolutionProperties) = preSolution
		HideSolutionNode = FALSE
	EndGlobalSection
	GlobalSection(ExtensibilityGlobals) = postSolution
		SolutionGuid = {129A4FCA-ABA1-4CA1-BC5B-C98356F876F9}
	EndGlobalSection
EndGlobal
